
Microsoft Visual Studio Solution File, Format Version 12.00
# Visual Studio Version 17
VisualStudioVersion = 17.14.37012.4 d17.14
MinimumVisualStudioVersion = 10.0.40219.1
Project("{FAE04EC0-301F-11D3-BF4B-00C04F79EFBC}") = "SuperAdminDashboard", "SuperAdminDashboard\SuperAdminDashboard.csproj", "{64D6FE7E-1332-48F9-8B16-8297AC4C90F5}"
EndProject
Global
	GlobalSection(SolutionConfigurationPlatforms) = preSolution
		Debug|Any CPU = Debug|Any CPU
		Release|Any CPU = Release|Any CPU
	EndGlobalSection
	GlobalSection(ProjectConfigurationPlatforms) = postSolution
		{64D6FE7E-1332-48F9-8B16-8297AC4C90F5}.Debug|Any CPU.ActiveCfg = Debug|Any CPU
		{64D6FE7E-1332-48F9-8B16-8297AC4C90F5}.Debug|Any CPU.Build.0 = Debug|Any CPU
		{64D6FE7E-1332-48F9-8B16-8297AC4C90F5}.Release|Any CPU.ActiveCfg = Release|Any CPU
		{64D6FE7E-1332-48F9-8B16-8297AC4C90F5}.Release|Any CPU.Build.0 = Release|Any CPU
	EndGlobalSection
	GlobalSection(SolutionProperties) = preSolution
		HideSolutionNode = FALSE
	EndGlobalSection
	GlobalSection(ExtensibilityGlobals) = postSolution
		SolutionGuid = {558B7A13-C318-44EC-8B56-4FBAF5441A9D}
	EndGlobalSection
EndGlobal
